
Microsoft Visual Studio Solution File, Format Version 12.00
# Visual Studio Version 17
VisualStudioVersion = 17.11.35303.130
MinimumVisualStudioVersion = 10.0.40219.1
Project("{FAE04EC0-301F-11D3-BF4B-00C04F79EFBC}") = "ParallaxCalculator", "ParallaxCalculator\ParallaxCalculator.csproj", "{9FDA26BA-9E2C-4618-BDD0-7CE0CC98BD73}"
EndProject
Global
	GlobalSection(SolutionConfigurationPlatforms) = preSolution
		Debug|Any CPU = Debug|Any CPU
		Release|Any CPU = Release|Any CPU
	EndGlobalSection
	GlobalSection(ProjectConfigurationPlatforms) = postSolution
		{9FDA26BA-9E2C-4618-BDD0-7CE0CC98BD73}.Debug|Any CPU.ActiveCfg = Debug|Any CPU
		{9FDA26BA-9E2C-4618-BDD0-7CE0CC98BD73}.Debug|Any CPU.Build.0 = Debug|Any CPU
		{9FDA26BA-9E2C-4618-BDD0-7CE0CC98BD73}.Release|Any CPU.ActiveCfg = Release|Any CPU
		{9FDA26BA-9E2C-4618-BDD0-7CE0CC98BD73}.Release|Any CPU.Build.0 = Release|Any CPU
	EndGlobalSection
	GlobalSection(SolutionProperties) = preSolution
		HideSolutionNode = FALSE
	EndGlobalSection
	GlobalSection(ExtensibilityGlobals) = postSolution
		SolutionGuid = {97FE1A3E-92EA-4205-924B-59DA231FEED6}
	EndGlobalSection
EndGlobal
